// !$*UTF8*$!
{
	archiveVersion = 1;
	classes = {
	};
	objectVersion = 55;
	objects = {

/* Begin PBXBuildFile section */
		630F9D6427078DE300F92E0F /* NewsAppApp.swift in Sources */ = {isa = PBXBuildFile; fileRef = 630F9D6327078DE300F92E0F /* NewsAppApp.swift */; };
		630F9D6627078DE300F92E0F /* HeadlinesView.swift in Sources */ = {isa = PBXBuildFile; fileRef = 630F9D6527078DE300F92E0F /* HeadlinesView.swift */; };
		630F9D6827078DE400F92E0F /* Assets.xcassets in Resources */ = {isa = PBXBuildFile; fileRef = 630F9D6727078DE400F92E0F /* Assets.xcassets */; };
		630F9D6B27078DE400F92E0F /* Preview Assets.xcassets in Resources */ = {isa = PBXBuildFile; fileRef = 630F9D6A27078DE400F92E0F /* Preview Assets.xcassets */; };
		630F9D7627079DDC00F92E0F /* Article.swift in Sources */ = {isa = PBXBuildFile; fileRef = 630F9D7527079DDC00F92E0F /* Article.swift */; };
		630F9D782707A4B800F92E0F /* ArticleCellView.swift in Sources */ = {isa = PBXBuildFile; fileRef = 630F9D772707A4B800F92E0F /* ArticleCellView.swift */; };
		630F9D7F2707ADFA00F92E0F /* HeadlinesViewModel.swift in Sources */ = {isa = PBXBuildFile; fileRef = 630F9D7E2707ADFA00F92E0F /* HeadlinesViewModel.swift */; };
		630F9D812707B53B00F92E0F /* TempData.swift in Sources */ = {isa = PBXBuildFile; fileRef = 630F9D802707B53B00F92E0F /* TempData.swift */; };
		630F9D842707B62900F92E0F /* String-ext.swift in Sources */ = {isa = PBXBuildFile; fileRef = 630F9D832707B62900F92E0F /* String-ext.swift */; };
		630F9D872707BAF500F92E0F /* KingfisherSwiftUI in Frameworks */ = {isa = PBXBuildFile; productRef = 630F9D862707BAF500F92E0F /* KingfisherSwiftUI */; };
		630F9D892707BD8800F92E0F /* ArticleView.swift in Sources */ = {isa = PBXBuildFile; fileRef = 630F9D882707BD8800F92E0F /* ArticleView.swift */; };
		630F9D8B2707C9F100F92E0F /* ErrorType.swift in Sources */ = {isa = PBXBuildFile; fileRef = 630F9D8A2707C9F100F92E0F /* ErrorType.swift */; };
		6391205D270BCC94006247EB /* WebView.swift in Sources */ = {isa = PBXBuildFile; fileRef = 6391205C270BCC94006247EB /* WebView.swift */; };
/* End PBXBuildFile section */

/* Begin PBXFileReference section */
		630F9D6027078DE300F92E0F /* NewsApp.app */ = {isa = PBXFileReference; explicitFileType = wrapper.application; includeInIndex = 0; path = NewsApp.app; sourceTree = BUILT_PRODUCTS_DIR; };
		630F9D6327078DE300F92E0F /* NewsAppApp.swift */ = {isa = PBXFileReference; lastKnownFileType = sourcecode.swift; path = NewsAppApp.swift; sourceTree = "<group>"; };
		630F9D6527078DE300F92E0F /* HeadlinesView.swift */ = {isa = PBXFileReference; lastKnownFileType = sourcecode.swift; path = HeadlinesView.swift; sourceTree = "<group>"; };
		630F9D6727078DE400F92E0F /* Assets.xcassets */ = {isa = PBXFileReference; lastKnownFileType = folder.assetcatalog; path = Assets.xcassets; sourceTree = "<group>"; };
		630F9D6A27078DE400F92E0F /* Preview Assets.xcassets */ = {isa = PBXFileReference; lastKnownFileType = folder.assetcatalog; path = "Preview Assets.xcassets"; sourceTree = "<group>"; };
		630F9D7527079DDC00F92E0F /* Article.swift */ = {isa = PBXFileReference; lastKnownFileType = sourcecode.swift; path = Article.swift; sourceTree = "<group>"; };
		630F9D772707A4B800F92E0F /* ArticleCellView.swift */ = {isa = PBXFileReference; lastKnownFileType = sourcecode.swift; path = ArticleCellView.swift; sourceTree = "<group>"; };
		630F9D7E2707ADFA00F92E0F /* HeadlinesViewModel.swift */ = {isa = PBXFileReference; lastKnownFileType = sourcecode.swift; path = HeadlinesViewModel.swift; sourceTree = "<group>"; };
		630F9D802707B53B00F92E0F /* TempData.swift */ = {isa = PBXFileReference; lastKnownFileType = sourcecode.swift; path = TempData.swift; sourceTree = "<group>"; };
		630F9D832707B62900F92E0F /* String-ext.swift */ = {isa = PBXFileReference; lastKnownFileType = sourcecode.swift; path = "String-ext.swift"; sourceTree = "<group>"; };
		630F9D882707BD8800F92E0F /* ArticleView.swift */ = {isa = PBXFileReference; lastKnownFileType = sourcecode.swift; path = ArticleView.swift; sourceTree = "<group>"; };
		630F9D8A2707C9F100F92E0F /* ErrorType.swift */ = {isa = PBXFileReference; lastKnownFileType = sourcecode.swift; path = ErrorType.swift; sourceTree = "<group>"; };
		6391205C270BCC94006247EB /* WebView.swift */ = {isa = PBXFileReference; lastKnownFileType = sourcecode.swift; path = WebView.swift; sourceTree = "<group>"; };
/* End PBXFileReference section */

/* Begin PBXFrameworksBuildPhase section */
		630F9D5D27078DE300F92E0F /* Frameworks */ = {
			isa = PBXFrameworksBuildPhase;
			buildActionMask = 2147483647;
			files = (
				630F9D872707BAF500F92E0F /* KingfisherSwiftUI in Frameworks */,
			);
			runOnlyForDeploymentPostprocessing = 0;
		};
/* End PBXFrameworksBuildPhase section */

/* Begin PBXGroup section */
		630F9D5727078DE300F92E0F = {
			isa = PBXGroup;
			children = (
				630F9D6227078DE300F92E0F /* NewsApp */,
				630F9D6127078DE300F92E0F /* Products */,
			);
			sourceTree = "<group>";
		};
		630F9D6127078DE300F92E0F /* Products */ = {
			isa = PBXGroup;
			children = (
				630F9D6027078DE300F92E0F /* NewsApp.app */,
			);
			name = Products;
			sourceTree = "<group>";
		};
		630F9D6227078DE300F92E0F /* NewsApp */ = {
			isa = PBXGroup;
			children = (
				630F9D6327078DE300F92E0F /* NewsAppApp.swift */,
				630F9D7227079D4D00F92E0F /* Model */,
				630F9D7327079D5A00F92E0F /* View */,
				630F9D7D2707A9B900F92E0F /* ViewModel */,
				630F9D7127079D4300F92E0F /* Helpers */,
				630F9D6727078DE400F92E0F /* Assets.xcassets */,
				630F9D6927078DE400F92E0F /* Preview Content */,
			);
			path = NewsApp;
			sourceTree = "<group>";
		};
		630F9D6927078DE400F92E0F /* Preview Content */ = {
			isa = PBXGroup;
			children = (
				630F9D6A27078DE400F92E0F /* Preview Assets.xcassets */,
			);
			path = "Preview Content";
			sourceTree = "<group>";
		};
		630F9D7127079D4300F92E0F /* Helpers */ = {
			isa = PBXGroup;
			children = (
				630F9D832707B62900F92E0F /* String-ext.swift */,
			);
			path = Helpers;
			sourceTree = "<group>";
		};
		630F9D7227079D4D00F92E0F /* Model */ = {
			isa = PBXGroup;
			children = (
				630F9D7527079DDC00F92E0F /* Article.swift */,
				630F9D802707B53B00F92E0F /* TempData.swift */,
				630F9D8A2707C9F100F92E0F /* ErrorType.swift */,
			);
			path = Model;
			sourceTree = "<group>";
		};
		630F9D7327079D5A00F92E0F /* View */ = {
			isa = PBXGroup;
			children = (
				630F9D6527078DE300F92E0F /* HeadlinesView.swift */,
				630F9D772707A4B800F92E0F /* ArticleCellView.swift */,
				630F9D882707BD8800F92E0F /* ArticleView.swift */,
				6391205C270BCC94006247EB /* WebView.swift */,
			);
			path = View;
			sourceTree = "<group>";
		};
		630F9D7D2707A9B900F92E0F /* ViewModel */ = {
			isa = PBXGroup;
			children = (
				630F9D7E2707ADFA00F92E0F /* HeadlinesViewModel.swift */,
			);
			path = ViewModel;
			sourceTree = "<group>";
		};
/* End PBXGroup section */

/* Begin PBXNativeTarget section */
		630F9D5F27078DE300F92E0F /* NewsApp */ = {
			isa = PBXNativeTarget;
			buildConfigurationList = 630F9D6E27078DE400F92E0F /* Build configuration list for PBXNativeTarget "NewsApp" */;
			buildPhases = (
				630F9D5C27078DE300F92E0F /* Sources */,
				630F9D5D27078DE300F92E0F /* Frameworks */,
				630F9D5E27078DE300F92E0F /* Resources */,
			);
			buildRules = (
			);
			dependencies = (
			);
			name = NewsApp;
			packageProductDependencies = (
				630F9D862707BAF500F92E0F /* KingfisherSwiftUI */,
			);
			productName = NewsApp;
			productReference = 630F9D6027078DE300F92E0F /* NewsApp.app */;
			productType = "com.apple.product-type.application";
		};
/* End PBXNativeTarget section */

/* Begin PBXProject section */
		630F9D5827078DE300F92E0F /* Project object */ = {
			isa = PBXProject;
			attributes = {
				BuildIndependentTargetsInParallel = 1;
				LastSwiftUpdateCheck = 1300;
				LastUpgradeCheck = 1300;
				TargetAttributes = {
					630F9D5F27078DE300F92E0F = {
						CreatedOnToolsVersion = 13.0;
					};
				};
			};
			buildConfigurationList = 630F9D5B27078DE300F92E0F /* Build configuration list for PBXProject "NewsApp" */;
			compatibilityVersion = "Xcode 13.0";
			developmentRegion = en;
			hasScannedForEncodings = 0;
			knownRegions = (
				en,
				Base,
			);
			mainGroup = 630F9D5727078DE300F92E0F;
			packageReferences = (
				630F9D852707BAF500F92E0F /* XCRemoteSwiftPackageReference "Kingfisher" */,
			);
			productRefGroup = 630F9D6127078DE300F92E0F /* Products */;
			projectDirPath = "";
			projectRoot = "";
			targets = (
				630F9D5F27078DE300F92E0F /* NewsApp */,
			);
		};
/* End PBXProject section */

/* Begin PBXResourcesBuildPhase section */
		630F9D5E27078DE300F92E0F /* Resources */ = {
			isa = PBXResourcesBuildPhase;
			buildActionMask = 2147483647;
			files = (
				630F9D6B27078DE400F92E0F /* Preview Assets.xcassets in Resources */,
				630F9D6827078DE400F92E0F /* Assets.xcassets in Resources */,
			);
			runOnlyForDeploymentPostprocessing = 0;
		};
/* End PBXResourcesBuildPhase section */

/* Begin PBXSourcesBuildPhase section */
		630F9D5C27078DE300F92E0F /* Sources */ = {
			isa = PBXSourcesBuildPhase;
			buildActionMask = 2147483647;
			files = (
				630F9D6627078DE300F92E0F /* HeadlinesView.swift in Sources */,
				6391205D270BCC94006247EB /* WebView.swift in Sources */,
				630F9D8B2707C9F100F92E0F /* ErrorType.swift in Sources */,
				630F9D7F2707ADFA00F92E0F /* HeadlinesViewModel.swift in Sources */,
				630F9D6427078DE300F92E0F /* NewsAppApp.swift in Sources */,
				630F9D892707BD8800F92E0F /* ArticleView.swift in Sources */,
				630F9D812707B53B00F92E0F /* TempData.swift in Sources */,
				630F9D7627079DDC00F92E0F /* Article.swift in Sources */,
				630F9D842707B62900F92E0F /* String-ext.swift in Sources */,
				630F9D782707A4B800F92E0F /* ArticleCellView.swift in Sources */,
			);
			runOnlyForDeploymentPostprocessing = 0;
		};
/* End PBXSourcesBuildPhase section */

/* Begin XCBuildConfiguration section */
		630F9D6C27078DE400F92E0F /* Debug */ = {
			isa = XCBuildConfiguration;
			buildSettings = {
				ALWAYS_SEARCH_USER_PATHS = NO;
				CLANG_ANALYZER_NONNULL = YES;
				CLANG_ANALYZER_NUMBER_OBJECT_CONVERSION = YES_AGGRESSIVE;
				CLANG_CXX_LANGUAGE_STANDARD = "gnu++17";
				CLANG_CXX_LIBRARY = "libc++";
				CLANG_ENABLE_MODULES = YES;
				CLANG_ENABLE_OBJC_ARC = YES;
				CLANG_ENABLE_OBJC_WEAK = YES;
				CLANG_WARN_BLOCK_CAPTURE_AUTORELEASING = YES;
				CLANG_WARN_BOOL_CONVERSION = YES;
				CLANG_WARN_COMMA = YES;
				CLANG_WARN_CONSTANT_CONVERSION = YES;
				CLANG_WARN_DEPRECATED_OBJC_IMPLEMENTATIONS = YES;
				CLANG_WARN_DIRECT_OBJC_ISA_USAGE = YES_ERROR;
				CLANG_WARN_DOCUMENTATION_COMMENTS = YES;
				CLANG_WARN_EMPTY_BODY = YES;
				CLANG_WARN_ENUM_CONVERSION = YES;
				CLANG_WARN_INFINITE_RECURSION = YES;
				CLANG_WARN_INT_CONVERSION = YES;
				CLANG_WARN_NON_LITERAL_NULL_CONVERSION = YES;
				CLANG_WARN_OBJC_IMPLICIT_RETAIN_SELF = YES;
				CLANG_WARN_OBJC_LITERAL_CONVERSION = YES;
				CLANG_WARN_OBJC_ROOT_CLASS = YES_ERROR;
				CLANG_WARN_QUOTED_INCLUDE_IN_FRAMEWORK_HEADER = YES;
				CLANG_WARN_RANGE_LOOP_ANALYSIS = YES;
				CLANG_WARN_STRICT_PROTOTYPES = YES;
				CLANG_WARN_SUSPICIOUS_MOVE = YES;
				CLANG_WARN_UNGUARDED_AVAILABILITY = YES_AGGRESSIVE;
				CLANG_WARN_UNREACHABLE_CODE = YES;
				CLANG_WARN__DUPLICATE_METHOD_MATCH = YES;
				COPY_PHASE_STRIP = NO;
				DEBUG_INFORMATION_FORMAT = dwarf;
				ENABLE_STRICT_OBJC_MSGSEND = YES;
				ENABLE_TESTABILITY = YES;
				GCC_C_LANGUAGE_STANDARD = gnu11;
				GCC_DYNAMIC_NO_PIC = NO;
				GCC_NO_COMMON_BLOCKS = YES;
				GCC_OPTIMIZATION_LEVEL = 0;
				GCC_PREPROCESSOR_DEFINITIONS = (
					"DEBUG=1",
					"$(inherited)",
				);
				GCC_WARN_64_TO_32_BIT_CONVERSION = YES;
				GCC_WARN_ABOUT_RETURN_TYPE = YES_ERROR;
				GCC_WARN_UNDECLARED_SELECTOR = YES;
				GCC_WARN_UNINITIALIZED_AUTOS = YES_AGGRESSIVE;
				GCC_WARN_UNUSED_FUNCTION = YES;
				GCC_WARN_UNUSED_VARIABLE = YES;
				IPHONEOS_DEPLOYMENT_TARGET = 15.0;
				MTL_ENABLE_DEBUG_INFO = INCLUDE_SOURCE;
				MTL_FAST_MATH = YES;
				ONLY_ACTIVE_ARCH = YES;
				SDKROOT = iphoneos;
				SWIFT_ACTIVE_COMPILATION_CONDITIONS = DEBUG;
				SWIFT_OPTIMIZATION_LEVEL = "-Onone";
			};
			name = Debug;
		};
		630F9D6D27078DE400F92E0F /* Release */ = {
			isa = XCBuildConfiguration;
			buildSettings = {
				ALWAYS_SEARCH_USER_PATHS = NO;
				CLANG_ANALYZER_NONNULL = YES;
				CLANG_ANALYZER_NUMBER_OBJECT_CONVERSION = YES_AGGRESSIVE;
				CLANG_CXX_LANGUAGE_STANDARD = "gnu++17";
				CLANG_CXX_LIBRARY = "libc++";
				CLANG_ENABLE_MODULES = YES;
				CLANG_ENABLE_OBJC_ARC = YES;
				CLANG_ENABLE_OBJC_WEAK = YES;
				CLANG_WARN_BLOCK_CAPTURE_AUTORELEASING = YES;
				CLANG_WARN_BOOL_CONVERSION = YES;
				CLANG_WARN_COMMA = YES;
				CLANG_WARN_CONSTANT_CONVERSION = YES;
				CLANG_WARN_DEPRECATED_OBJC_IMPLEMENTATIONS = YES;
				CLANG_WARN_DIRECT_OBJC_ISA_USAGE = YES_ERROR;
				CLANG_WARN_DOCUMENTATION_COMMENTS = YES;
				CLANG_WARN_EMPTY_BODY = YES;
				CLANG_WARN_ENUM_CONVERSION = YES;
				CLANG_WARN_INFINITE_RECURSION = YES;
				CLANG_WARN_INT_CONVERSION = YES;
				CLANG_WARN_NON_LITERAL_NULL_CONVERSION = YES;
				CLANG_WARN_OBJC_IMPLICIT_RETAIN_SELF = YES;
				CLANG_WARN_OBJC_LITERAL_CONVERSION = YES;
				CLANG_WARN_OBJC_ROOT_CLASS = YES_ERROR;
				CLANG_WARN_QUOTED_INCLUDE_IN_FRAMEWORK_HEADER = YES;
				CLANG_WARN_RANGE_LOOP_ANALYSIS = YES;
				CLANG_WARN_STRICT_PROTOTYPES = YES;
				CLANG_WARN_SUSPICIOUS_MOVE = YES;
				CLANG_WARN_UNGUARDED_AVAILABILITY = YES_AGGRESSIVE;
				CLANG_WARN_UNREACHABLE_CODE = YES;
				CLANG_WARN__DUPLICATE_METHOD_MATCH = YES;
				COPY_PHASE_STRIP = NO;
				DEBUG_INFORMATION_FORMAT = "dwarf-with-dsym";
				ENABLE_NS_ASSERTIONS = NO;
				ENABLE_STRICT_OBJC_MSGSEND = YES;
				GCC_C_LANGUAGE_STANDARD = gnu11;
				GCC_NO_COMMON_BLOCKS = YES;
				GCC_WARN_64_TO_32_BIT_CONVERSION = YES;
				GCC_WARN_ABOUT_RETURN_TYPE = YES_ERROR;
				GCC_WARN_UNDECLARED_SELECTOR = YES;
				GCC_WARN_UNINITIALIZED_AUTOS = YES_AGGRESSIVE;
				GCC_WARN_UNUSED_FUNCTION = YES;
				GCC_WARN_UNUSED_VARIABLE = YES;
				IPHONEOS_DEPLOYMENT_TARGET = 15.0;
				MTL_ENABLE_DEBUG_INFO = NO;
				MTL_FAST_MATH = YES;
				SDKROOT = iphoneos;
				SWIFT_COMPILATION_MODE = wholemodule;
				SWIFT_OPTIMIZATION_LEVEL = "-O";
				VALIDATE_PRODUCT = YES;
			};
			name = Release;
		};
		630F9D6F27078DE400F92E0F /* Debug */ = {
			isa = XCBuildConfiguration;
			buildSettings = {
				ASSETCATALOG_COMPILER_APPICON_NAME = AppIcon;
				ASSETCATALOG_COMPILER_GLOBAL_ACCENT_COLOR_NAME = AccentColor;
				CODE_SIGN_STYLE = Automatic;
				CURRENT_PROJECT_VERSION = 1;
				DEVELOPMENT_ASSET_PATHS = "\"NewsApp/Preview Content\"";
				ENABLE_PREVIEWS = YES;
				GENERATE_INFOPLIST_FILE = YES;
				INFOPLIST_KEY_UIApplicationSceneManifest_Generation = YES;
				INFOPLIST_KEY_UIApplicationSupportsIndirectInputEvents = YES;
				INFOPLIST_KEY_UILaunchScreen_Generation = YES;
				INFOPLIST_KEY_UISupportedInterfaceOrientations_iPad = "UIInterfaceOrientationPortrait UIInterfaceOrientationPortraitUpsideDown UIInterfaceOrientationLandscapeLeft UIInterfaceOrientationLandscapeRight";
				INFOPLIST_KEY_UISupportedInterfaceOrientations_iPhone = "UIInterfaceOrientationPortrait UIInterfaceOrientationLandscapeLeft UIInterfaceOrientationLandscapeRight";
				IPHONEOS_DEPLOYMENT_TARGET = 14.0;
				LD_RUNPATH_SEARCH_PATHS = (
					"$(inherited)",
					"@executable_path/Frameworks",
				);
				MARKETING_VERSION = 1.0;
				PRODUCT_BUNDLE_IDENTIFIER = "Alberto-Dominguez.NewsApp";
				PRODUCT_NAME = "$(TARGET_NAME)";
				SWIFT_EMIT_LOC_STRINGS = YES;
				SWIFT_VERSION = 5.0;
				TARGETED_DEVICE_FAMILY = "1,2";
			};
			name = Debug;
		};
		630F9D7027078DE400F92E0F /* Release */ = {
			isa = XCBuildConfiguration;
			buildSettings = {
				ASSETCATALOG_COMPILER_APPICON_NAME = AppIcon;
				ASSETCATALOG_COMPILER_GLOBAL_ACCENT_COLOR_NAME = AccentColor;
				CODE_SIGN_STYLE = Automatic;
				CURRENT_PROJECT_VERSION = 1;
				DEVELOPMENT_ASSET_PATHS = "\"NewsApp/Preview Content\"";
				ENABLE_PREVIEWS = YES;
				GENERATE_INFOPLIST_FILE = YES;
				INFOPLIST_KEY_UIApplicationSceneManifest_Generation = YES;
				INFOPLIST_KEY_UIApplicationSupportsIndirectInputEvents = YES;
				INFOPLIST_KEY_UILaunchScreen_Generation = YES;
				INFOPLIST_KEY_UISupportedInterfaceOrientations_iPad = "UIInterfaceOrientationPortrait UIInterfaceOrientationPortraitUpsideDown UIInterfaceOrientationLandscapeLeft UIInterfaceOrientationLandscapeRight";
				INFOPLIST_KEY_UISupportedInterfaceOrientations_iPhone = "UIInterfaceOrientationPortrait UIInterfaceOrientationLandscapeLeft UIInterfaceOrientationLandscapeRight";
				IPHONEOS_DEPLOYMENT_TARGET = 14.0;
				LD_RUNPATH_SEARCH_PATHS = (
					"$(inherited)",
					"@executable_path/Frameworks",
				);
				MARKETING_VERSION = 1.0;
				PRODUCT_BUNDLE_IDENTIFIER = "Alberto-Dominguez.NewsApp";
				PRODUCT_NAME = "$(TARGET_NAME)";
				SWIFT_EMIT_LOC_STRINGS = YES;
				SWIFT_VERSION = 5.0;
				TARGETED_DEVICE_FAMILY = "1,2";
			};
			name = Release;
		};
/* End XCBuildConfiguration section */

/* Begin XCConfigurationList section */
		630F9D5B27078DE300F92E0F /* Build configuration list for PBXProject "NewsApp" */ = {
			isa = XCConfigurationList;
			buildConfigurations = (
				630F9D6C27078DE400F92E0F /* Debug */,
				630F9D6D27078DE400F92E0F /* Release */,
			);
			defaultConfigurationIsVisible = 0;
			defaultConfigurationName = Release;
		};
		630F9D6E27078DE400F92E0F /* Build configuration list for PBXNativeTarget "NewsApp" */ = {
			isa = XCConfigurationList;
			buildConfigurations = (
				630F9D6F27078DE400F92E0F /* Debug */,
				630F9D7027078DE400F92E0F /* Release */,
			);
			defaultConfigurationIsVisible = 0;
			defaultConfigurationName = Release;
		};
/* End XCConfigurationList section */

/* Begin XCRemoteSwiftPackageReference section */
		630F9D852707BAF500F92E0F /* XCRemoteSwiftPackageReference "Kingfisher" */ = {
			isa = XCRemoteSwiftPackageReference;
			repositoryURL = "https://github.com/onevcat/Kingfisher.git";
			requirement = {
				kind = upToNextMajorVersion;
				minimumVersion = 5.15.7;
			};
		};
/* End XCRemoteSwiftPackageReference section */

/* Begin XCSwiftPackageProductDependency section */
		630F9D862707BAF500F92E0F /* KingfisherSwiftUI */ = {
			isa = XCSwiftPackageProductDependency;
			package = 630F9D852707BAF500F92E0F /* XCRemoteSwiftPackageReference "Kingfisher" */;
			productName = KingfisherSwiftUI;
		};
/* End XCSwiftPackageProductDependency section */
	};
	rootObject = 630F9D5827078DE300F92E0F /* Project object */;
}
